
Microsoft Visual Studio Solution File, Format Version 12.00
# Visual Studio Version 16
VisualStudioVersion = 16.0.30002.166
MinimumVisualStudioVersion = 10.0.40219.1
Project("{FAE04EC0-301F-11D3-BF4B-00C04F79EFBC}") = "Hungarian", "Hungarian\Hungarian.csproj", "{C6EF0998-57CC-4B6F-B554-F2FE0EC98E92}"
EndProject
Global
	GlobalSection(SolutionConfigurationPlatforms) = preSolution
		Debug|Any CPU = Debug|Any CPU
		Release|Any CPU = Release|Any CPU
	EndGlobalSection
	GlobalSection(ProjectConfigurationPlatforms) = postSolution
		{C6EF0998-57CC-4B6F-B554-F2FE0EC98E92}.Debug|Any CPU.ActiveCfg = Debug|Any CPU
		{C6EF0998-57CC-4B6F-B554-F2FE0EC98E92}.Debug|Any CPU.Build.0 = Debug|Any CPU
		{C6EF0998-57CC-4B6F-B554-F2FE0EC98E92}.Release|Any CPU.ActiveCfg = Release|Any CPU
		{C6EF0998-57CC-4B6F-B554-F2FE0EC98E92}.Release|Any CPU.Build.0 = Release|Any CPU
	EndGlobalSection
	GlobalSection(SolutionProperties) = preSolution
		HideSolutionNode = FALSE
	EndGlobalSection
	GlobalSection(ExtensibilityGlobals) = postSolution
		SolutionGuid = {B69A2B5C-8DB4-4111-A7E8-52F5CC59F1A7}
	EndGlobalSection
EndGlobal
